
Microsoft Visual Studio Solution File, Format Version 12.00
# Visual Studio Version 17
VisualStudioVersion = 17.9.34701.34
MinimumVisualStudioVersion = 10.0.40219.1
Project("{9A19103F-16F7-4668-BE54-9A1E7A4F7556}") = "flare-csharp", "flare-csharp\flare-csharp.csproj", "{9F668A48-BEA4-495F-957E-7C5477A4F571}"
EndProject
Project("{9A19103F-16F7-4668-BE54-9A1E7A4F7556}") = "backend-canvas", "backend-canvas\backend-canvas.csproj", "{1BB12C9B-C5D9-4E30-8B0E-85565808ECB2}"
EndProject
Project("{9A19103F-16F7-4668-BE54-9A1E7A4F7556}") = "Client_Tests", "Client_Tests\Client_Tests.csproj", "{50D75D61-6F51-441B-B8D2-78717C9FD621}"
EndProject
Global
	GlobalSection(SolutionConfigurationPlatforms) = preSolution
		Debug|Any CPU = Debug|Any CPU
		Release|Any CPU = Release|Any CPU
	EndGlobalSection
	GlobalSection(ProjectConfigurationPlatforms) = postSolution
		{9F668A48-BEA4-495F-957E-7C5477A4F571}.Debug|Any CPU.ActiveCfg = Debug|Any CPU
		{9F668A48-BEA4-495F-957E-7C5477A4F571}.Debug|Any CPU.Build.0 = Debug|Any CPU
		{9F668A48-BEA4-495F-957E-7C5477A4F571}.Release|Any CPU.ActiveCfg = Release|Any CPU
		{9F668A48-BEA4-495F-957E-7C5477A4F571}.Release|Any CPU.Build.0 = Release|Any CPU
		{1BB12C9B-C5D9-4E30-8B0E-85565808ECB2}.Debug|Any CPU.ActiveCfg = Debug|Any CPU
		{1BB12C9B-C5D9-4E30-8B0E-85565808ECB2}.Debug|Any CPU.Build.0 = Debug|Any CPU
		{1BB12C9B-C5D9-4E30-8B0E-85565808ECB2}.Release|Any CPU.ActiveCfg = Release|Any CPU
		{1BB12C9B-C5D9-4E30-8B0E-85565808ECB2}.Release|Any CPU.Build.0 = Release|Any CPU
		{50D75D61-6F51-441B-B8D2-78717C9FD621}.Debug|Any CPU.ActiveCfg = Debug|Any CPU
		{50D75D61-6F51-441B-B8D2-78717C9FD621}.Debug|Any CPU.Build.0 = Debug|Any CPU
		{50D75D61-6F51-441B-B8D2-78717C9FD621}.Release|Any CPU.ActiveCfg = Release|Any CPU
		{50D75D61-6F51-441B-B8D2-78717C9FD621}.Release|Any CPU.Build.0 = Release|Any CPU
	EndGlobalSection
	GlobalSection(SolutionProperties) = preSolution
		HideSolutionNode = FALSE
	EndGlobalSection
	GlobalSection(ExtensibilityGlobals) = postSolution
		SolutionGuid = {D1DAA413-E009-44DA-94C1-83DCA0C382CA}
	EndGlobalSection
EndGlobal
